
Microsoft Visual Studio Solution File, Format Version 12.00
# Visual Studio Version 17
VisualStudioVersion = 17.9.34616.47
MinimumVisualStudioVersion = 10.0.40219.1
Project("{FAE04EC0-301F-11D3-BF4B-00C04F79EFBC}") = "WebAppProject", "WebAppProject\WebAppProject.csproj", "{E362C6B9-D063-4AFE-A10F-75A89D362498}"
EndProject
Project("{FAE04EC0-301F-11D3-BF4B-00C04F79EFBC}") = "WebAppProject.Data", "WebAppProject.Data\WebAppProject.Data.csproj", "{B53AD706-4E82-419B-AC65-D8949E330245}"
EndProject
Project("{FAE04EC0-301F-11D3-BF4B-00C04F79EFBC}") = "WebAppProject.Infrastucture", "WebAppProject.Infrastucture\WebAppProject.Infrastucture.csproj", "{FF2E2EB5-0C04-447D-9091-F214F4F870CD}"
EndProject
Global
	GlobalSection(SolutionConfigurationPlatforms) = preSolution
		Debug|Any CPU = Debug|Any CPU
		Release|Any CPU = Release|Any CPU
	EndGlobalSection
	GlobalSection(ProjectConfigurationPlatforms) = postSolution
		{E362C6B9-D063-4AFE-A10F-75A89D362498}.Debug|Any CPU.ActiveCfg = Debug|Any CPU
		{E362C6B9-D063-4AFE-A10F-75A89D362498}.Debug|Any CPU.Build.0 = Debug|Any CPU
		{E362C6B9-D063-4AFE-A10F-75A89D362498}.Release|Any CPU.ActiveCfg = Release|Any CPU
		{E362C6B9-D063-4AFE-A10F-75A89D362498}.Release|Any CPU.Build.0 = Release|Any CPU
		{B53AD706-4E82-419B-AC65-D8949E330245}.Debug|Any CPU.ActiveCfg = Debug|Any CPU
		{B53AD706-4E82-419B-AC65-D8949E330245}.Debug|Any CPU.Build.0 = Debug|Any CPU
		{B53AD706-4E82-419B-AC65-D8949E330245}.Release|Any CPU.ActiveCfg = Release|Any CPU
		{B53AD706-4E82-419B-AC65-D8949E330245}.Release|Any CPU.Build.0 = Release|Any CPU
		{FF2E2EB5-0C04-447D-9091-F214F4F870CD}.Debug|Any CPU.ActiveCfg = Debug|Any CPU
		{FF2E2EB5-0C04-447D-9091-F214F4F870CD}.Debug|Any CPU.Build.0 = Debug|Any CPU
		{FF2E2EB5-0C04-447D-9091-F214F4F870CD}.Release|Any CPU.ActiveCfg = Release|Any CPU
		{FF2E2EB5-0C04-447D-9091-F214F4F870CD}.Release|Any CPU.Build.0 = Release|Any CPU
	EndGlobalSection
	GlobalSection(SolutionProperties) = preSolution
		HideSolutionNode = FALSE
	EndGlobalSection
	GlobalSection(ExtensibilityGlobals) = postSolution
		SolutionGuid = {9FEED59C-5EEC-4975-BBD8-F2BA772A295D}
	EndGlobalSection
EndGlobal
